
Microsoft Visual Studio Solution File, Format Version 12.00
# Visual Studio Version 16
VisualStudioVersion = 16.0.28922.388
MinimumVisualStudioVersion = 10.0.40219.1
Project("{E53339B2-1760-4266-BCC7-CA923CBCF16C}") = "docker-compose", "docker-compose.dcproj", "{5C9E69A3-81BB-44DD-ACB6-ECBEC97E55EC}"
EndProject
Project("{9A19103F-16F7-4668-BE54-9A1E7A4F7556}") = "ApiClient", "src\ApiClient\ApiClient.csproj", "{05628A42-0645-4507-84E0-6696075C79B9}"
EndProject
Project("{2150E333-8FDC-42A3-9474-1A3956D46DE8}") = "src", "src", "{CB90011F-B54F-4B98-BE08-F71286313A0F}"
EndProject
Project("{9A19103F-16F7-4668-BE54-9A1E7A4F7556}") = "WebApi", "src\WebApi\WebApi.csproj", "{27F43DDA-5824-4716-8F72-D0FF1721AC69}"
EndProject
Project("{9A19103F-16F7-4668-BE54-9A1E7A4F7556}") = "KafkaListener", "src\KafkaListener\KafkaListener.csproj", "{955EE966-3C96-4917-85D7-1AF192541CDA}"
EndProject
Project("{9A19103F-16F7-4668-BE54-9A1E7A4F7556}") = "Domain", "src\Domain\Domain.csproj", "{D0353CE7-7359-4627-9ADF-AEF60835BF09}"
EndProject
Global
	GlobalSection(SolutionConfigurationPlatforms) = preSolution
		Debug|Any CPU = Debug|Any CPU
		Release|Any CPU = Release|Any CPU
	EndGlobalSection
	GlobalSection(ProjectConfigurationPlatforms) = postSolution
		{5C9E69A3-81BB-44DD-ACB6-ECBEC97E55EC}.Debug|Any CPU.ActiveCfg = Debug|Any CPU
		{5C9E69A3-81BB-44DD-ACB6-ECBEC97E55EC}.Debug|Any CPU.Build.0 = Debug|Any CPU
		{5C9E69A3-81BB-44DD-ACB6-ECBEC97E55EC}.Release|Any CPU.ActiveCfg = Release|Any CPU
		{5C9E69A3-81BB-44DD-ACB6-ECBEC97E55EC}.Release|Any CPU.Build.0 = Release|Any CPU
		{05628A42-0645-4507-84E0-6696075C79B9}.Debug|Any CPU.ActiveCfg = Debug|Any CPU
		{05628A42-0645-4507-84E0-6696075C79B9}.Debug|Any CPU.Build.0 = Debug|Any CPU
		{05628A42-0645-4507-84E0-6696075C79B9}.Release|Any CPU.ActiveCfg = Release|Any CPU
		{05628A42-0645-4507-84E0-6696075C79B9}.Release|Any CPU.Build.0 = Release|Any CPU
		{27F43DDA-5824-4716-8F72-D0FF1721AC69}.Debug|Any CPU.ActiveCfg = Debug|Any CPU
		{27F43DDA-5824-4716-8F72-D0FF1721AC69}.Debug|Any CPU.Build.0 = Debug|Any CPU
		{27F43DDA-5824-4716-8F72-D0FF1721AC69}.Release|Any CPU.ActiveCfg = Release|Any CPU
		{27F43DDA-5824-4716-8F72-D0FF1721AC69}.Release|Any CPU.Build.0 = Release|Any CPU
		{955EE966-3C96-4917-85D7-1AF192541CDA}.Debug|Any CPU.ActiveCfg = Debug|Any CPU
		{955EE966-3C96-4917-85D7-1AF192541CDA}.Debug|Any CPU.Build.0 = Debug|Any CPU
		{955EE966-3C96-4917-85D7-1AF192541CDA}.Release|Any CPU.ActiveCfg = Release|Any CPU
		{955EE966-3C96-4917-85D7-1AF192541CDA}.Release|Any CPU.Build.0 = Release|Any CPU
		{D0353CE7-7359-4627-9ADF-AEF60835BF09}.Debug|Any CPU.ActiveCfg = Debug|Any CPU
		{D0353CE7-7359-4627-9ADF-AEF60835BF09}.Debug|Any CPU.Build.0 = Debug|Any CPU
		{D0353CE7-7359-4627-9ADF-AEF60835BF09}.Release|Any CPU.ActiveCfg = Release|Any CPU
		{D0353CE7-7359-4627-9ADF-AEF60835BF09}.Release|Any CPU.Build.0 = Release|Any CPU
	EndGlobalSection
	GlobalSection(SolutionProperties) = preSolution
		HideSolutionNode = FALSE
	EndGlobalSection
	GlobalSection(NestedProjects) = preSolution
		{05628A42-0645-4507-84E0-6696075C79B9} = {CB90011F-B54F-4B98-BE08-F71286313A0F}
		{27F43DDA-5824-4716-8F72-D0FF1721AC69} = {CB90011F-B54F-4B98-BE08-F71286313A0F}
		{955EE966-3C96-4917-85D7-1AF192541CDA} = {CB90011F-B54F-4B98-BE08-F71286313A0F}
		{D0353CE7-7359-4627-9ADF-AEF60835BF09} = {CB90011F-B54F-4B98-BE08-F71286313A0F}
	EndGlobalSection
	GlobalSection(ExtensibilityGlobals) = postSolution
		SolutionGuid = {52F423A5-3A07-481C-A8E7-E27D5F5EE35C}
	EndGlobalSection
EndGlobal
